{
  "nodes": {
    "nixpkgs": {
      "locked": {
        "lastModified": 1767313136,
        "narHash": "sha256-16KkgfdYqjaeRGBaYsNrhPRRENs0qzkQVUooNHtoy2w=",
        "owner": "NixOS",
        "repo": "nixpkgs",
        "rev": "ac62194c3917d5f474c1a844b6fd6da2db95077d",
        "type": "github"
      },
      "original": {
        "owner": "NixOS",
        "ref": "nixos-25.05",
        "repo": "nixpkgs",
        "type": "github"
      }
    },
    "root": {
      "inputs": {
        "nixpkgs": "nixpkgs",
        "terminal-browser": "terminal-browser"
      }
    },
    "terminal-browser": {
      "flake": false,
      "locked": {
        "lastModified": 1787294939,
        "narHash": "sha256-JECCEkdd1sryzKt/hYRzCiSLl6u6tThnob8B1cLMjtE=",
        "owner": "zenbu-labs",
        "repo": "terminal-browser",
        "rev": "cce10b6131d15bf46a3e4b8dc827e0544ff7fc65",
        "type": "github"
      },
      "original": {
        "owner": "zenbu-labs",
        "repo": "terminal-browser",
        "rev": "cce10b6131d15bf46a3e4b8dc827e0544ff7fc65",
        "type": "github"
      }
    }
  },
  "root": "root",
  "version": 7
}
